github.com/alextanhongpin/go-bandit v0.0.0-20191125130111-30de60d69bae h1:ZrWHh+wXI877HHdIHLWCtQmL0u4CW6GPqTBOvYlO6Ts=
github.com/alextanhongpin/go-bandit v0.0.0-20191125130111-30de60d69bae/go.mod h1:FaUXXpw8d7DBpg3M5wrQAj6RAGuVVoV35hvKKguVyNc=
github.com/bparli/lfuda-go v0.3.1 h1:nO9Szo627RC8/z+R+MMPBItNwHCOonchmpjQuQi8jVY=
github.com/bparli/lfuda-go v0.3.1/go.mod h1:BR5a9lwlqRqnPhU3F5ojFK3VhTKg8iFVtJJKgZBQhAo=
github.com/davecgh/go-spew v1.1.0/go.mod h1:J7Y8YcW2NihsgmVo/mv3lAwl/skON4iLHjSsI+c5H38=
github.com/hashicorp/golang-lru v1.0.2 h1:dV3g9Z/unq5DpblPpw+Oqcv4dU/1omnb4Ok8iPY6p1c=
github.com/hashicorp/golang-lru v1.0.2/go.mod h1:iADmTwqILo4mZ8BN3D2Q6+9jd8WM5uGBxy+E8yxSoD4=
github.com/pmezard/go-difflib v1.0.0/go.mod h1:iKH77koFhYxTK1pcRnkKkqfTogsbg7gZNVY4sRDYZ/4=
github.com/stretchr/objx v0.1.0/go.mod h1:HFkY916IF+rwdDfMAkV7OtwuqBVzrE8GR6GFx+wExME=
github.com/stretchr/testify v1.4.0/go.mod h1:j7eGeouHqKxXV5pUuKE4zz7dFj8WfuZ+81PSLYec5m4=
gopkg.in/check.v1 v0.0.0-20161208181325-20d25e280405/go.mod h1:Co6ibVJAznAaIkqp8huTwlJQCZ016jof/cbN4VW5Yz0=
gopkg.in/yaml.v2 v2.2.2/go.mod h1:hI93XBmqTisBFMUTm0b8Fm+jr3Dg1NNxqwp+5A1VGuI=
